
Microsoft Visual Studio Solution File, Format Version 12.00
# Visual Studio 15
Project("{FAE04EC0-301F-11D3-BF4B-00C04F79EFBC}") = "Hierarchicalnavigation.Android", "Hierarchicalnavigation.Android\Hierarchicalnavigation.Android.csproj", "{5D91CF46-DC9B-49E3-9608-43CE526EA5B8}"
EndProject
Project("{FAE04EC0-301F-11D3-BF4B-00C04F79EFBC}") = "Hierarchicalnavigation.iOS", "Hierarchicalnavigation.iOS\Hierarchicalnavigation.iOS.csproj", "{BC5714BD-A4D7-4E7F-AC73-DA4B3C2976A4}"
EndProject
Project("{FAE04EC0-301F-11D3-BF4B-00C04F79EFBC}") = "Hierarchicalnavigation", "Hierarchicalnavigation\Hierarchicalnavigation.csproj", "{F993B52F-5BFB-4E71-A19B-299C91B4F807}"
EndProject
Global
	GlobalSection(SolutionConfigurationPlatforms) = preSolution
		Debug|Any CPU = Debug|Any CPU
		Release|Any CPU = Release|Any CPU
		Debug|iPhoneSimulator = Debug|iPhoneSimulator
		Release|iPhoneSimulator = Release|iPhoneSimulator
		Debug|iPhone = Debug|iPhone
		Release|iPhone = Release|iPhone
		Ad-Hoc|iPhone = Ad-Hoc|iPhone
		AppStore|iPhone = AppStore|iPhone
	EndGlobalSection
	GlobalSection(ProjectConfigurationPlatforms) = postSolution
		{5D91CF46-DC9B-49E3-9608-43CE526EA5B8}.Debug|Any CPU.ActiveCfg = Debug|Any CPU
		{5D91CF46-DC9B-49E3-9608-43CE526EA5B8}.Debug|Any CPU.Build.0 = Debug|Any CPU
		{5D91CF46-DC9B-49E3-9608-43CE526EA5B8}.Release|Any CPU.ActiveCfg = Release|Any CPU
		{5D91CF46-DC9B-49E3-9608-43CE526EA5B8}.Release|Any CPU.Build.0 = Release|Any CPU
		{5D91CF46-DC9B-49E3-9608-43CE526EA5B8}.Debug|iPhoneSimulator.ActiveCfg = Debug|Any CPU
		{5D91CF46-DC9B-49E3-9608-43CE526EA5B8}.Debug|iPhoneSimulator.Build.0 = Debug|Any CPU
		{5D91CF46-DC9B-49E3-9608-43CE526EA5B8}.Release|iPhoneSimulator.ActiveCfg = Release|Any CPU
		{5D91CF46-DC9B-49E3-9608-43CE526EA5B8}.Release|iPhoneSimulator.Build.0 = Release|Any CPU
		{5D91CF46-DC9B-49E3-9608-43CE526EA5B8}.Debug|iPhone.ActiveCfg = Debug|Any CPU
		{5D91CF46-DC9B-49E3-9608-43CE526EA5B8}.Debug|iPhone.Build.0 = Debug|Any CPU
		{5D91CF46-DC9B-49E3-9608-43CE526EA5B8}.Release|iPhone.ActiveCfg = Release|Any CPU
		{5D91CF46-DC9B-49E3-9608-43CE526EA5B8}.Release|iPhone.Build.0 = Release|Any CPU
		{5D91CF46-DC9B-49E3-9608-43CE526EA5B8}.Ad-Hoc|iPhone.ActiveCfg = Debug|Any CPU
		{5D91CF46-DC9B-49E3-9608-43CE526EA5B8}.Ad-Hoc|iPhone.Build.0 = Debug|Any CPU
		{5D91CF46-DC9B-49E3-9608-43CE526EA5B8}.AppStore|iPhone.ActiveCfg = Debug|Any CPU
		{5D91CF46-DC9B-49E3-9608-43CE526EA5B8}.AppStore|iPhone.Build.0 = Debug|Any CPU
		{BC5714BD-A4D7-4E7F-AC73-DA4B3C2976A4}.Debug|Any CPU.ActiveCfg = Debug|iPhoneSimulator
		{BC5714BD-A4D7-4E7F-AC73-DA4B3C2976A4}.Debug|Any CPU.Build.0 = Debug|iPhoneSimulator
		{BC5714BD-A4D7-4E7F-AC73-DA4B3C2976A4}.Release|Any CPU.ActiveCfg = Release|iPhoneSimulator
		{BC5714BD-A4D7-4E7F-AC73-DA4B3C2976A4}.Release|Any CPU.Build.0 = Release|iPhoneSimulator
		{BC5714BD-A4D7-4E7F-AC73-DA4B3C2976A4}.Debug|iPhoneSimulator.ActiveCfg = Debug|iPhoneSimulator
		{BC5714BD-A4D7-4E7F-AC73-DA4B3C2976A4}.Debug|iPhoneSimulator.Build.0 = Debug|iPhoneSimulator
		{BC5714BD-A4D7-4E7F-AC73-DA4B3C2976A4}.Release|iPhoneSimulator.ActiveCfg = Release|iPhoneSimulator
		{BC5714BD-A4D7-4E7F-AC73-DA4B3C2976A4}.Release|iPhoneSimulator.Build.0 = Release|iPhoneSimulator
		{BC5714BD-A4D7-4E7F-AC73-DA4B3C2976A4}.Debug|iPhone.ActiveCfg = Debug|iPhone
		{BC5714BD-A4D7-4E7F-AC73-DA4B3C2976A4}.Debug|iPhone.Build.0 = Debug|iPhone
		{BC5714BD-A4D7-4E7F-AC73-DA4B3C2976A4}.Release|iPhone.ActiveCfg = Release|iPhone
		{BC5714BD-A4D7-4E7F-AC73-DA4B3C2976A4}.Release|iPhone.Build.0 = Release|iPhone
		{BC5714BD-A4D7-4E7F-AC73-DA4B3C2976A4}.Ad-Hoc|iPhone.ActiveCfg = Ad-Hoc|iPhone
		{BC5714BD-A4D7-4E7F-AC73-DA4B3C2976A4}.Ad-Hoc|iPhone.Build.0 = Ad-Hoc|iPhone
		{BC5714BD-A4D7-4E7F-AC73-DA4B3C2976A4}.AppStore|iPhone.ActiveCfg = AppStore|iPhone
		{BC5714BD-A4D7-4E7F-AC73-DA4B3C2976A4}.AppStore|iPhone.Build.0 = AppStore|iPhone
		{F993B52F-5BFB-4E71-A19B-299C91B4F807}.Debug|Any CPU.ActiveCfg = Debug|Any CPU
		{F993B52F-5BFB-4E71-A19B-299C91B4F807}.Debug|Any CPU.Build.0 = Debug|Any CPU
		{F993B52F-5BFB-4E71-A19B-299C91B4F807}.Release|Any CPU.ActiveCfg = Release|Any CPU
		{F993B52F-5BFB-4E71-A19B-299C91B4F807}.Release|Any CPU.Build.0 = Release|Any CPU
		{F993B52F-5BFB-4E71-A19B-299C91B4F807}.Debug|iPhoneSimulator.ActiveCfg = Debug|Any CPU
		{F993B52F-5BFB-4E71-A19B-299C91B4F807}.Debug|iPhoneSimulator.Build.0 = Debug|Any CPU
		{F993B52F-5BFB-4E71-A19B-299C91B4F807}.Release|iPhoneSimulator.ActiveCfg = Release|Any CPU
		{F993B52F-5BFB-4E71-A19B-299C91B4F807}.Release|iPhoneSimulator.Build.0 = Release|Any CPU
		{F993B52F-5BFB-4E71-A19B-299C91B4F807}.Debug|iPhone.ActiveCfg = Debug|Any CPU
		{F993B52F-5BFB-4E71-A19B-299C91B4F807}.Debug|iPhone.Build.0 = Debug|Any CPU
		{F993B52F-5BFB-4E71-A19B-299C91B4F807}.Release|iPhone.ActiveCfg = Release|Any CPU
		{F993B52F-5BFB-4E71-A19B-299C91B4F807}.Release|iPhone.Build.0 = Release|Any CPU
		{F993B52F-5BFB-4E71-A19B-299C91B4F807}.Ad-Hoc|iPhone.ActiveCfg = Debug|Any CPU
		{F993B52F-5BFB-4E71-A19B-299C91B4F807}.Ad-Hoc|iPhone.Build.0 = Debug|Any CPU
		{F993B52F-5BFB-4E71-A19B-299C91B4F807}.AppStore|iPhone.ActiveCfg = Debug|Any CPU
		{F993B52F-5BFB-4E71-A19B-299C91B4F807}.AppStore|iPhone.Build.0 = Debug|Any CPU
	EndGlobalSection
EndGlobal
